// !$*UTF8*$!
{
	archiveVersion = 1;
	classes = {
	};
	objectVersion = 50;
	objects = {

/* Begin PBXBuildFile section */
		6ACDA05021E48038008B4F74 /* Main.storyboard in Resources */ = {isa = PBXBuildFile; fileRef = 6ACDA04F21E48038008B4F74 /* Main.storyboard */; };
		6ACDA05221E485C7008B4F74 /* HeaderView.swift in Sources */ = {isa = PBXBuildFile; fileRef = 6ACDA05121E485C7008B4F74 /* HeaderView.swift */; };
		6ACDA05421E48BBA008B4F74 /* Extensions+UIView.swift in Sources */ = {isa = PBXBuildFile; fileRef = 6ACDA05321E48BBA008B4F74 /* Extensions+UIView.swift */; };
		6ACDA05621E48F83008B4F74 /* StretchHeaderLayout.swift in Sources */ = {isa = PBXBuildFile; fileRef = 6ACDA05521E48F83008B4F74 /* StretchHeaderLayout.swift */; };
		6AFABC9A21E478D600FB7F2B /* AppDelegate.swift in Sources */ = {isa = PBXBuildFile; fileRef = 6AFABC9921E478D600FB7F2B /* AppDelegate.swift */; };
		6AFABC9C21E478D600FB7F2B /* ViewController.swift in Sources */ = {isa = PBXBuildFile; fileRef = 6AFABC9B21E478D600FB7F2B /* ViewController.swift */; };
		6AFABCA121E478D700FB7F2B /* Assets.xcassets in Resources */ = {isa = PBXBuildFile; fileRef = 6AFABCA021E478D700FB7F2B /* Assets.xcassets */; };
		6AFABCA421E478D700FB7F2B /* LaunchScreen.storyboard in Resources */ = {isa = PBXBuildFile; fileRef = 6AFABCA221E478D700FB7F2B /* LaunchScreen.storyboard */; };
		6AFABCAC21E47AA900FB7F2B /* StrecthHeaderController.swift in Sources */ = {isa = PBXBuildFile; fileRef = 6AFABCAB21E47AA900FB7F2B /* StrecthHeaderController.swift */; };
/* End PBXBuildFile section */

/* Begin PBXFileReference section */
		6ACDA04F21E48038008B4F74 /* Main.storyboard */ = {isa = PBXFileReference; lastKnownFileType = file.storyboard; path = Main.storyboard; sourceTree = "<group>"; };
		6ACDA05121E485C7008B4F74 /* HeaderView.swift */ = {isa = PBXFileReference; lastKnownFileType = sourcecode.swift; path = HeaderView.swift; sourceTree = "<group>"; };
		6ACDA05321E48BBA008B4F74 /* Extensions+UIView.swift */ = {isa = PBXFileReference; fileEncoding = 4; lastKnownFileType = sourcecode.swift; path = "Extensions+UIView.swift"; sourceTree = "<group>"; };
		6ACDA05521E48F83008B4F74 /* StretchHeaderLayout.swift */ = {isa = PBXFileReference; lastKnownFileType = sourcecode.swift; path = StretchHeaderLayout.swift; sourceTree = "<group>"; };
		6AFABC9621E478D600FB7F2B /* Header Stretch.app */ = {isa = PBXFileReference; explicitFileType = wrapper.application; includeInIndex = 0; path = "Header Stretch.app"; sourceTree = BUILT_PRODUCTS_DIR; };
		6AFABC9921E478D600FB7F2B /* AppDelegate.swift */ = {isa = PBXFileReference; lastKnownFileType = sourcecode.swift; path = AppDelegate.swift; sourceTree = "<group>"; };
		6AFABC9B21E478D600FB7F2B /* ViewController.swift */ = {isa = PBXFileReference; lastKnownFileType = sourcecode.swift; path = ViewController.swift; sourceTree = "<group>"; };
		6AFABCA021E478D700FB7F2B /* Assets.xcassets */ = {isa = PBXFileReference; lastKnownFileType = folder.assetcatalog; path = Assets.xcassets; sourceTree = "<group>"; };
		6AFABCA321E478D700FB7F2B /* Base */ = {isa = PBXFileReference; lastKnownFileType = file.storyboard; name = Base; path = Base.lproj/LaunchScreen.storyboard; sourceTree = "<group>"; };
		6AFABCA521E478D700FB7F2B /* Info.plist */ = {isa = PBXFileReference; lastKnownFileType = text.plist.xml; path = Info.plist; sourceTree = "<group>"; };
		6AFABCAB21E47AA900FB7F2B /* StrecthHeaderController.swift */ = {isa = PBXFileReference; lastKnownFileType = sourcecode.swift; path = StrecthHeaderController.swift; sourceTree = "<group>"; };
/* End PBXFileReference section */

/* Begin PBXFrameworksBuildPhase section */
		6AFABC9321E478D600FB7F2B /* Frameworks */ = {
			isa = PBXFrameworksBuildPhase;
			buildActionMask = 2147483647;
			files = (
			);
			runOnlyForDeploymentPostprocessing = 0;
		};
/* End PBXFrameworksBuildPhase section */

/* Begin PBXGroup section */
		6AFABC8D21E478D600FB7F2B = {
			isa = PBXGroup;
			children = (
				6AFABC9821E478D600FB7F2B /* Header Stretch */,
				6AFABC9721E478D600FB7F2B /* Products */,
			);
			sourceTree = "<group>";
		};
		6AFABC9721E478D600FB7F2B /* Products */ = {
			isa = PBXGroup;
			children = (
				6AFABC9621E478D600FB7F2B /* Header Stretch.app */,
			);
			name = Products;
			sourceTree = "<group>";
		};
		6AFABC9821E478D600FB7F2B /* Header Stretch */ = {
			isa = PBXGroup;
			children = (
				6AFABC9921E478D600FB7F2B /* AppDelegate.swift */,
				6ACDA05121E485C7008B4F74 /* HeaderView.swift */,
				6AFABCAB21E47AA900FB7F2B /* StrecthHeaderController.swift */,
				6AFABC9B21E478D600FB7F2B /* ViewController.swift */,
				6ACDA04F21E48038008B4F74 /* Main.storyboard */,
				6AFABCA021E478D700FB7F2B /* Assets.xcassets */,
				6ACDA05321E48BBA008B4F74 /* Extensions+UIView.swift */,
				6AFABCA221E478D700FB7F2B /* LaunchScreen.storyboard */,
				6AFABCA521E478D700FB7F2B /* Info.plist */,
				6ACDA05521E48F83008B4F74 /* StretchHeaderLayout.swift */,
			);
			path = "Header Stretch";
			sourceTree = "<group>";
		};
/* End PBXGroup section */

/* Begin PBXNativeTarget section */
		6AFABC9521E478D600FB7F2B /* Header Stretch */ = {
			isa = PBXNativeTarget;
			buildConfigurationList = 6AFABCA821E478D700FB7F2B /* Build configuration list for PBXNativeTarget "Header Stretch" */;
			buildPhases = (
				6AFABC9221E478D600FB7F2B /* Sources */,
				6AFABC9321E478D600FB7F2B /* Frameworks */,
				6AFABC9421E478D600FB7F2B /* Resources */,
			);
			buildRules = (
			);
			dependencies = (
			);
			name = "Header Stretch";
			productName = "Header Stretch";
			productReference = 6AFABC9621E478D600FB7F2B /* Header Stretch.app */;
			productType = "com.apple.product-type.application";
		};
/* End PBXNativeTarget section */

/* Begin PBXProject section */
		6AFABC8E21E478D600FB7F2B /* Project object */ = {
			isa = PBXProject;
			attributes = {
				LastSwiftUpdateCheck = 1010;
				LastUpgradeCheck = 1010;
				ORGANIZATIONNAME = "Nolan Fuchs";
				TargetAttributes = {
					6AFABC9521E478D600FB7F2B = {
						CreatedOnToolsVersion = 10.1;
					};
				};
			};
			buildConfigurationList = 6AFABC9121E478D600FB7F2B /* Build configuration list for PBXProject "Header Stretch" */;
			compatibilityVersion = "Xcode 9.3";
			developmentRegion = en;
			hasScannedForEncodings = 0;
			knownRegions = (
				en,
				Base,
			);
			mainGroup = 6AFABC8D21E478D600FB7F2B;
			productRefGroup = 6AFABC9721E478D600FB7F2B /* Products */;
			projectDirPath = "";
			projectRoot = "";
			targets = (
				6AFABC9521E478D600FB7F2B /* Header Stretch */,
			);
		};
/* End PBXProject section */

/* Begin PBXResourcesBuildPhase section */
		6AFABC9421E478D600FB7F2B /* Resources */ = {
			isa = PBXResourcesBuildPhase;
			buildActionMask = 2147483647;
			files = (
				6ACDA05021E48038008B4F74 /* Main.storyboard in Resources */,
				6AFABCA421E478D700FB7F2B /* LaunchScreen.storyboard in Resources */,
				6AFABCA121E478D700FB7F2B /* Assets.xcassets in Resources */,
			);
			runOnlyForDeploymentPostprocessing = 0;
		};
/* End PBXResourcesBuildPhase section */

/* Begin PBXSourcesBuildPhase section */
		6AFABC9221E478D600FB7F2B /* Sources */ = {
			isa = PBXSourcesBuildPhase;
			buildActionMask = 2147483647;
			files = (
				6ACDA05621E48F83008B4F74 /* StretchHeaderLayout.swift in Sources */,
				6AFABC9C21E478D600FB7F2B /* ViewController.swift in Sources */,
				6AFABC9A21E478D600FB7F2B /* AppDelegate.swift in Sources */,
				6AFABCAC21E47AA900FB7F2B /* StrecthHeaderController.swift in Sources */,
				6ACDA05221E485C7008B4F74 /* HeaderView.swift in Sources */,
				6ACDA05421E48BBA008B4F74 /* Extensions+UIView.swift in Sources */,
			);
			runOnlyForDeploymentPostprocessing = 0;
		};
/* End PBXSourcesBuildPhase section */

/* Begin PBXVariantGroup section */
		6AFABCA221E478D700FB7F2B /* LaunchScreen.storyboard */ = {
			isa = PBXVariantGroup;
			children = (
				6AFABCA321E478D700FB7F2B /* Base */,
			);
			name = LaunchScreen.storyboard;
			sourceTree = "<group>";
		};
/* End PBXVariantGroup section */

/* Begin XCBuildConfiguration section */
		6AFABCA621E478D700FB7F2B /* Debug */ = {
			isa = XCBuildConfiguration;
			buildSettings = {
				ALWAYS_SEARCH_USER_PATHS = NO;
				CLANG_ANALYZER_NONNULL = YES;
				CLANG_ANALYZER_NUMBER_OBJECT_CONVERSION = YES_AGGRESSIVE;
				CLANG_CXX_LANGUAGE_STANDARD = "gnu++14";
				CLANG_CXX_LIBRARY = "libc++";
				CLANG_ENABLE_MODULES = YES;
				CLANG_ENABLE_OBJC_ARC = YES;
				CLANG_ENABLE_OBJC_WEAK = YES;
				CLANG_WARN_BLOCK_CAPTURE_AUTORELEASING = YES;
				CLANG_WARN_BOOL_CONVERSION = YES;
				CLANG_WARN_COMMA = YES;
				CLANG_WARN_CONSTANT_CONVERSION = YES;
				CLANG_WARN_DEPRECATED_OBJC_IMPLEMENTATIONS = YES;
				CLANG_WARN_DIRECT_OBJC_ISA_USAGE = YES_ERROR;
				CLANG_WARN_DOCUMENTATION_COMMENTS = YES;
				CLANG_WARN_EMPTY_BODY = YES;
				CLANG_WARN_ENUM_CONVERSION = YES;
				CLANG_WARN_INFINITE_RECURSION = YES;
				CLANG_WARN_INT_CONVERSION = YES;
				CLANG_WARN_NON_LITERAL_NULL_CONVERSION = YES;
				CLANG_WARN_OBJC_IMPLICIT_RETAIN_SELF = YES;
				CLANG_WARN_OBJC_LITERAL_CONVERSION = YES;
				CLANG_WARN_OBJC_ROOT_CLASS = YES_ERROR;
				CLANG_WARN_RANGE_LOOP_ANALYSIS = YES;
				CLANG_WARN_STRICT_PROTOTYPES = YES;
				CLANG_WARN_SUSPICIOUS_MOVE = YES;
				CLANG_WARN_UNGUARDED_AVAILABILITY = YES_AGGRESSIVE;
				CLANG_WARN_UNREACHABLE_CODE = YES;
				CLANG_WARN__DUPLICATE_METHOD_MATCH = YES;
				CODE_SIGN_IDENTITY = "iPhone Developer";
				COPY_PHASE_STRIP = NO;
				DEBUG_INFORMATION_FORMAT = dwarf;
				ENABLE_STRICT_OBJC_MSGSEND = YES;
				ENABLE_TESTABILITY = YES;
				GCC_C_LANGUAGE_STANDARD = gnu11;
				GCC_DYNAMIC_NO_PIC = NO;
				GCC_NO_COMMON_BLOCKS = YES;
				GCC_OPTIMIZATION_LEVEL = 0;
				GCC_PREPROCESSOR_DEFINITIONS = (
					"DEBUG=1",
					"$(inherited)",
				);
				GCC_WARN_64_TO_32_BIT_CONVERSION = YES;
				GCC_WARN_ABOUT_RETURN_TYPE = YES_ERROR;
				GCC_WARN_UNDECLARED_SELECTOR = YES;
				GCC_WARN_UNINITIALIZED_AUTOS = YES_AGGRESSIVE;
				GCC_WARN_UNUSED_FUNCTION = YES;
				GCC_WARN_UNUSED_VARIABLE = YES;
				IPHONEOS_DEPLOYMENT_TARGET = 12.1;
				MTL_ENABLE_DEBUG_INFO = INCLUDE_SOURCE;
				MTL_FAST_MATH = YES;
				ONLY_ACTIVE_ARCH = YES;
				SDKROOT = iphoneos;
				SWIFT_ACTIVE_COMPILATION_CONDITIONS = DEBUG;
				SWIFT_OPTIMIZATION_LEVEL = "-Onone";
			};
			name = Debug;
		};
		6AFABCA721E478D700FB7F2B /* Release */ = {
			isa = XCBuildConfiguration;
			buildSettings = {
				ALWAYS_SEARCH_USER_PATHS = NO;
				CLANG_ANALYZER_NONNULL = YES;
				CLANG_ANALYZER_NUMBER_OBJECT_CONVERSION = YES_AGGRESSIVE;
				CLANG_CXX_LANGUAGE_STANDARD = "gnu++14";
				CLANG_CXX_LIBRARY = "libc++";
				CLANG_ENABLE_MODULES = YES;
				CLANG_ENABLE_OBJC_ARC = YES;
				CLANG_ENABLE_OBJC_WEAK = YES;
				CLANG_WARN_BLOCK_CAPTURE_AUTORELEASING = YES;
				CLANG_WARN_BOOL_CONVERSION = YES;
				CLANG_WARN_COMMA = YES;
				CLANG_WARN_CONSTANT_CONVERSION = YES;
				CLANG_WARN_DEPRECATED_OBJC_IMPLEMENTATIONS = YES;
				CLANG_WARN_DIRECT_OBJC_ISA_USAGE = YES_ERROR;
				CLANG_WARN_DOCUMENTATION_COMMENTS = YES;
				CLANG_WARN_EMPTY_BODY = YES;
				CLANG_WARN_ENUM_CONVERSION = YES;
				CLANG_WARN_INFINITE_RECURSION = YES;
				CLANG_WARN_INT_CONVERSION = YES;
				CLANG_WARN_NON_LITERAL_NULL_CONVERSION = YES;
				CLANG_WARN_OBJC_IMPLICIT_RETAIN_SELF = YES;
				CLANG_WARN_OBJC_LITERAL_CONVERSION = YES;
				CLANG_WARN_OBJC_ROOT_CLASS = YES_ERROR;
				CLANG_WARN_RANGE_LOOP_ANALYSIS = YES;
				CLANG_WARN_STRICT_PROTOTYPES = YES;
				CLANG_WARN_SUSPICIOUS_MOVE = YES;
				CLANG_WARN_UNGUARDED_AVAILABILITY = YES_AGGRESSIVE;
				CLANG_WARN_UNREACHABLE_CODE = YES;
				CLANG_WARN__DUPLICATE_METHOD_MATCH = YES;
				CODE_SIGN_IDENTITY = "iPhone Developer";
				COPY_PHASE_STRIP = NO;
				DEBUG_INFORMATION_FORMAT = "dwarf-with-dsym";
				ENABLE_NS_ASSERTIONS = NO;
				ENABLE_STRICT_OBJC_MSGSEND = YES;
				GCC_C_LANGUAGE_STANDARD = gnu11;
				GCC_NO_COMMON_BLOCKS = YES;
				GCC_WARN_64_TO_32_BIT_CONVERSION = YES;
				GCC_WARN_ABOUT_RETURN_TYPE = YES_ERROR;
				GCC_WARN_UNDECLARED_SELECTOR = YES;
				GCC_WARN_UNINITIALIZED_AUTOS = YES_AGGRESSIVE;
				GCC_WARN_UNUSED_FUNCTION = YES;
				GCC_WARN_UNUSED_VARIABLE = YES;
				IPHONEOS_DEPLOYMENT_TARGET = 12.1;
				MTL_ENABLE_DEBUG_INFO = NO;
				MTL_FAST_MATH = YES;
				SDKROOT = iphoneos;
				SWIFT_COMPILATION_MODE = wholemodule;
				SWIFT_OPTIMIZATION_LEVEL = "-O";
				VALIDATE_PRODUCT = YES;
			};
			name = Release;
		};
		6AFABCA921E478D700FB7F2B /* Debug */ = {
			isa = XCBuildConfiguration;
			buildSettings = {
				ASSETCATALOG_COMPILER_APPICON_NAME = AppIcon;
				CODE_SIGN_STYLE = Automatic;
				DEVELOPMENT_TEAM = J9S8P7XX49;
				INFOPLIST_FILE = "Header Stretch/Info.plist";
				LD_RUNPATH_SEARCH_PATHS = (
					"$(inherited)",
					"@executable_path/Frameworks",
				);
				PRODUCT_BUNDLE_IDENTIFIER = "com.NolanFuchs.Header-Stretch";
				PRODUCT_NAME = "$(TARGET_NAME)";
				SWIFT_VERSION = 4.2;
				TARGETED_DEVICE_FAMILY = 1;
			};
			name = Debug;
		};
		6AFABCAA21E478D700FB7F2B /* Release */ = {
			isa = XCBuildConfiguration;
			buildSettings = {
				ASSETCATALOG_COMPILER_APPICON_NAME = AppIcon;
				CODE_SIGN_STYLE = Automatic;
				DEVELOPMENT_TEAM = J9S8P7XX49;
				INFOPLIST_FILE = "Header Stretch/Info.plist";
				LD_RUNPATH_SEARCH_PATHS = (
					"$(inherited)",
					"@executable_path/Frameworks",
				);
				PRODUCT_BUNDLE_IDENTIFIER = "com.NolanFuchs.Header-Stretch";
				PRODUCT_NAME = "$(TARGET_NAME)";
				SWIFT_VERSION = 4.2;
				TARGETED_DEVICE_FAMILY = 1;
			};
			name = Release;
		};
/* End XCBuildConfiguration section */

/* Begin XCConfigurationList section */
		6AFABC9121E478D600FB7F2B /* Build configuration list for PBXProject "Header Stretch" */ = {
			isa = XCConfigurationList;
			buildConfigurations = (
				6AFABCA621E478D700FB7F2B /* Debug */,
				6AFABCA721E478D700FB7F2B /* Release */,
			);
			defaultConfigurationIsVisible = 0;
			defaultConfigurationName = Release;
		};
		6AFABCA821E478D700FB7F2B /* Build configuration list for PBXNativeTarget "Header Stretch" */ = {
			isa = XCConfigurationList;
			buildConfigurations = (
				6AFABCA921E478D700FB7F2B /* Debug */,
				6AFABCAA21E478D700FB7F2B /* Release */,
			);
			defaultConfigurationIsVisible = 0;
			defaultConfigurationName = Release;
		};
/* End XCConfigurationList section */
	};
	rootObject = 6AFABC8E21E478D600FB7F2B /* Project object */;
}
